
Microsoft Visual Studio Solution File, Format Version 12.00
# Visual Studio 15
VisualStudioVersion = 15.0.34112.143
MinimumVisualStudioVersion = 10.0.40219.1
Project("{FAE04EC0-301F-11D3-BF4B-00C04F79EFBC}") = "FBOmApp.CommandHandler", "FBOmApp\FBOmApp.CommandHandler\FBOmApp.CommandHandler.csproj", "{04B51A25-7D75-4BD8-A46B-B5AAF8606168}"
	ProjectSection(ProjectDependencies) = postProject
		{2A0B0468-6CDA-46E6-B1E7-7003106D37D5} = {2A0B0468-6CDA-46E6-B1E7-7003106D37D5}
	EndProjectSection
EndProject
Project("{FAE04EC0-301F-11D3-BF4B-00C04F79EFBC}") = "FBOmApp.EventHandler", "FBOmApp\FBOmApp.EventHandler\FBOmApp.EventHandler.csproj", "{77E5FEFF-9C26-44F0-8C1F-227E234E122A}"
	ProjectSection(ProjectDependencies) = postProject
		{2A0B0468-6CDA-46E6-B1E7-7003106D37D5} = {2A0B0468-6CDA-46E6-B1E7-7003106D37D5}
	EndProjectSection
EndProject
Project("{FAE04EC0-301F-11D3-BF4B-00C04F79EFBC}") = "FBOmApp.ReadingFunctionHandler", "FBOmApp\FBOmApp.ReadingFunctionHandler\FBOmApp.ReadingFunctionHandler.csproj", "{AB81B045-9D25-433F-988D-523F768C4690}"
	ProjectSection(ProjectDependencies) = postProject
		{2A0B0468-6CDA-46E6-B1E7-7003106D37D5} = {2A0B0468-6CDA-46E6-B1E7-7003106D37D5}
	EndProjectSection
EndProject
Project("{FAE04EC0-301F-11D3-BF4B-00C04F79EFBC}") = "FBOmApp.UserInterface", "FBOmApp\FBOmApp.UserInterface\FBOmApp.UserInterface.csproj", "{BD38B5D4-A66B-4AF5-A034-AE8A216EE7EC}"
	ProjectSection(ProjectDependencies) = postProject
		{2A0B0468-6CDA-46E6-B1E7-7003106D37D5} = {2A0B0468-6CDA-46E6-B1E7-7003106D37D5}
	EndProjectSection
EndProject
Project("{DA7C07C8-D9F3-4A79-840F-611D1C5950A5}") = "FBOmApp.Installer", "FBOmApp\FBOmApp.Installer\FBOmApp.Installer.iproj", "{AE9286F3-F22E-4D62-8B26-548AAE75431B}"
EndProject
Project("{CA2279AF-CA6F-4B4B-98B3-8D49B8D38547}") = "FBOmApp.VFPOMModel", "FBOmApp\FBOmApp.VFPOMModel\FBOmApp.VFPOMModel.pmproj", "{2A0B0468-6CDA-46E6-B1E7-7003106D37D5}"
EndProject
Project("{2150E333-8FDC-42A3-9474-1A3956D46DE8}") = "Solution Items", "Solution Items", "{9AE2B011-B1CD-49C4-92B8-764F5F14B4B1}"
	ProjectSection(SolutionItems) = preProject
		packages.reference = packages.reference
	EndProjectSection
EndProject
Global
	GlobalSection(SolutionConfigurationPlatforms) = preSolution
		Debug|Any CPU = Debug|Any CPU
		Release|Any CPU = Release|Any CPU
	EndGlobalSection
	GlobalSection(ProjectConfigurationPlatforms) = postSolution
		{04B51A25-7D75-4BD8-A46B-B5AAF8606168}.Debug|Any CPU.ActiveCfg = Debug|Any CPU
		{04B51A25-7D75-4BD8-A46B-B5AAF8606168}.Debug|Any CPU.Build.0 = Debug|Any CPU
		{04B51A25-7D75-4BD8-A46B-B5AAF8606168}.Release|Any CPU.ActiveCfg = Release|Any CPU
		{04B51A25-7D75-4BD8-A46B-B5AAF8606168}.Release|Any CPU.Build.0 = Release|Any CPU
		{77E5FEFF-9C26-44F0-8C1F-227E234E122A}.Debug|Any CPU.ActiveCfg = Debug|Any CPU
		{77E5FEFF-9C26-44F0-8C1F-227E234E122A}.Debug|Any CPU.Build.0 = Debug|Any CPU
		{77E5FEFF-9C26-44F0-8C1F-227E234E122A}.Release|Any CPU.ActiveCfg = Release|Any CPU
		{77E5FEFF-9C26-44F0-8C1F-227E234E122A}.Release|Any CPU.Build.0 = Release|Any CPU
		{AB81B045-9D25-433F-988D-523F768C4690}.Debug|Any CPU.ActiveCfg = Debug|Any CPU
		{AB81B045-9D25-433F-988D-523F768C4690}.Debug|Any CPU.Build.0 = Debug|Any CPU
		{AB81B045-9D25-433F-988D-523F768C4690}.Release|Any CPU.ActiveCfg = Release|Any CPU
		{AB81B045-9D25-433F-988D-523F768C4690}.Release|Any CPU.Build.0 = Release|Any CPU
		{BD38B5D4-A66B-4AF5-A034-AE8A216EE7EC}.Debug|Any CPU.ActiveCfg = Debug|Any CPU
		{BD38B5D4-A66B-4AF5-A034-AE8A216EE7EC}.Debug|Any CPU.Build.0 = Debug|Any CPU
		{BD38B5D4-A66B-4AF5-A034-AE8A216EE7EC}.Release|Any CPU.ActiveCfg = Release|Any CPU
		{BD38B5D4-A66B-4AF5-A034-AE8A216EE7EC}.Release|Any CPU.Build.0 = Release|Any CPU
		{AE9286F3-F22E-4D62-8B26-548AAE75431B}.Debug|Any CPU.ActiveCfg = Debug|Any CPU
		{AE9286F3-F22E-4D62-8B26-548AAE75431B}.Debug|Any CPU.Build.0 = Debug|Any CPU
		{AE9286F3-F22E-4D62-8B26-548AAE75431B}.Release|Any CPU.ActiveCfg = Release|Any CPU
		{AE9286F3-F22E-4D62-8B26-548AAE75431B}.Release|Any CPU.Build.0 = Release|Any CPU
		{2A0B0468-6CDA-46E6-B1E7-7003106D37D5}.Debug|Any CPU.ActiveCfg = Debug|Any CPU
		{2A0B0468-6CDA-46E6-B1E7-7003106D37D5}.Debug|Any CPU.Build.0 = Debug|Any CPU
		{2A0B0468-6CDA-46E6-B1E7-7003106D37D5}.Release|Any CPU.ActiveCfg = Release|Any CPU
		{2A0B0468-6CDA-46E6-B1E7-7003106D37D5}.Release|Any CPU.Build.0 = Release|Any CPU
	EndGlobalSection
	GlobalSection(SolutionProperties) = preSolution
		HideSolutionNode = FALSE
	EndGlobalSection
	GlobalSection(ExtensibilityGlobals) = postSolution
		SolutionGuid = {71C95345-D6FE-435E-9F86-BB2910C5C571}
	EndGlobalSection
EndGlobal
